<?xml version="1.0" encoding="utf-8"?>
<Project ToolsVersion="4.0" xmlns="http://schemas.microsoft.com/developer/msbuild/2003">
  <ItemGroup>
    <Filter Include="Source Files">
      <UniqueIdentifier>{4FC737F1-C7A5-4376-A066-2A32D752A2FF}</UniqueIdentifier>
      <Extensions>cpp;c;cc;cxx;c++;def;odl;idl;hpj;bat;asm;asmx</Extensions>
    </Filter>
    <Filter Include="Header Files">
      <UniqueIdentifier>{93995380-89BD-4b04-88EB-625FBE52EBFB}</UniqueIdentifier>
      <Extensions>h;hh;hpp;hxx;h++;hm;inl;inc;ipp;xsd</Extensions>
    </Filter>
    <Filter Include="Resource Files">
      <UniqueIdentifier>{67DA6AB6-F800-4c08-8B7A-83BB121AAD01}</UniqueIdentifier>
      <Extensions>rc;ico;cur;bmp;dlg;rc2;rct;bin;rgs;gif;jpg;jpeg;jpe;resx;tiff;tif;png;wav;mfcribbon-ms</Extensions>
    </Filter>
    <Filter Include="Parser">
      <UniqueIdentifier>{13656433-365e-4eb4-a131-a14d3b517eeb}</UniqueIdentifier>
    </Filter>
    <Filter Include="Components">
      <UniqueIdentifier>{e3238b51-6bef-4bc0-86f9-2d84acc4bf62}</UniqueIdentifier>
    </Filter>
    <Filter Include="Commands">
      <UniqueIdentifier>{0e98c397-7cfb-4e4f-958b-ccf724fb3db6}</UniqueIdentifier>
    </Filter>
  </ItemGroup>
  <ItemGroup>
    <ClCompile Include="Parser.cpp">
      <Filter>Parser</Filter>
    </ClCompile>
    <ClCompile Include="ProjectileComponent.cpp">
      <Filter>Components</Filter>
    </ClCompile>
    <ClCompile Include="EnemyAIComponent.cpp">
      <Filter>Components</Filter>
    </ClCompile>
    <ClCompile Include="TrappedBubbleComponent.cpp">
      <Filter>Components</Filter>
    </ClCompile>
    <ClCompile Include="Main.cpp">
      <Filter>Components</Filter>
    </ClCompile>
    <ClCompile Include="LiveComponent.cpp">
      <Filter>Components</Filter>
    </ClCompile>
    <ClCompile Include="Game.cpp">
      <Filter>Source Files</Filter>
    </ClCompile>
    <ClCompile Include="Digger.cpp">
      <Filter>Source Files</Filter>
    </ClCompile>
    <ClCompile Include="WalkRightCommand.cpp">
      <Filter>Commands</Filter>
    </ClCompile>
    <ClCompile Include="WalkLeftCommand.cpp">
      <Filter>Commands</Filter>
    </ClCompile>
    <ClCompile Include="ShootCommand.cpp">
      <Filter>Commands</Filter>
    </ClCompile>
    <ClCompile Include="JumpCommand.cpp">
      <Filter>Commands</Filter>
    </ClCompile>
    <ClCompile Include="StateComponent.cpp">
      <Filter>Components</Filter>
    </ClCompile>
    <ClCompile Include="ChangeSpriteComponent.cpp">
      <Filter>Components</Filter>
    </ClCompile>
    <ClCompile Include="WalkUpCommand.cpp">
      <Filter>Commands</Filter>
    </ClCompile>
    <ClCompile Include="WalkDownCommand.cpp">
      <Filter>Commands</Filter>
    </ClCompile>
    <ClCompile Include="MovingBagComponent.cpp">
      <Filter>Components</Filter>
    </ClCompile>
  </ItemGroup>
  <ItemGroup>
    <ClInclude Include="Parser.h">
      <Filter>Parser</Filter>
    </ClInclude>
    <ClInclude Include="ProjectileComponent.h">
      <Filter>Components</Filter>
    </ClInclude>
    <ClInclude Include="EnemyAIComponent.h">
      <Filter>Components</Filter>
    </ClInclude>
    <ClInclude Include="TrappedBubbleComponent.h">
      <Filter>Components</Filter>
    </ClInclude>
    <ClInclude Include="LiveComponent.h">
      <Filter>Components</Filter>
    </ClInclude>
    <ClInclude Include="Game.h">
      <Filter>Header Files</Filter>
    </ClInclude>
    <ClInclude Include="Digger.h">
      <Filter>Header Files</Filter>
    </ClInclude>
    <ClInclude Include="WalkLeftCommand.h">
      <Filter>Commands</Filter>
    </ClInclude>
    <ClInclude Include="ShootCommand.h">
      <Filter>Commands</Filter>
    </ClInclude>
    <ClInclude Include="JumpCommand.h">
      <Filter>Commands</Filter>
    </ClInclude>
    <ClInclude Include="ChangeSpriteComponent.h">
      <Filter>Components</Filter>
    </ClInclude>
    <ClInclude Include="StateComponent.h">
      <Filter>Components</Filter>
    </ClInclude>
    <ClInclude Include="WalkRightCommand.h">
      <Filter>Commands</Filter>
    </ClInclude>
    <ClInclude Include="WalkUpCommand.h">
      <Filter>Commands</Filter>
    </ClInclude>
    <ClInclude Include="WalkDownCommand.h">
      <Filter>Commands</Filter>
    </ClInclude>
    <ClInclude Include="MovingBagComponent.h">
      <Filter>Components</Filter>
    </ClInclude>
  </ItemGroup>
</Project>